
Microsoft Visual Studio Solution File, Format Version 12.00
# Visual Studio Version 17
VisualStudioVersion = 17.14.36623.8
MinimumVisualStudioVersion = 10.0.40219.1
Project("{FAE04EC0-301F-11D3-BF4B-00C04F79EFBC}") = "QuanLyThuVien", "MuonTraSach\QuanLyThuVien.csproj", "{1D7BE7A5-27D4-4A10-8224-E26B113BB52F}"
EndProject
Global
	GlobalSection(SolutionConfigurationPlatforms) = preSolution
		Debug|Any CPU = Debug|Any CPU
		Release|Any CPU = Release|Any CPU
	EndGlobalSection
	GlobalSection(ProjectConfigurationPlatforms) = postSolution
		{1D7BE7A5-27D4-4A10-8224-E26B113BB52F}.Debug|Any CPU.ActiveCfg = Debug|Any CPU
		{1D7BE7A5-27D4-4A10-8224-E26B113BB52F}.Debug|Any CPU.Build.0 = Debug|Any CPU
		{1D7BE7A5-27D4-4A10-8224-E26B113BB52F}.Release|Any CPU.ActiveCfg = Release|Any CPU
		{1D7BE7A5-27D4-4A10-8224-E26B113BB52F}.Release|Any CPU.Build.0 = Release|Any CPU
	EndGlobalSection
	GlobalSection(SolutionProperties) = preSolution
		HideSolutionNode = FALSE
	EndGlobalSection
	GlobalSection(ExtensibilityGlobals) = postSolution
		SolutionGuid = {38D2EFED-C822-446E-B41E-98088F18D4FF}
	EndGlobalSection
EndGlobal
